
Microsoft Visual Studio Solution File, Format Version 12.00
# Visual Studio Version 17
VisualStudioVersion = 17.0.31903.59
MinimumVisualStudioVersion = 10.0.40219.1
Project("{2150E333-8FDC-42A3-9474-1A3956D46DE8}") = "src", "src", "{FE6A9B71-9A59-490D-87CB-ABC200FFB7E8}"
EndProject
Project("{9A19103F-16F7-4668-BE54-9A1E7A4F7556}") = "Api", "src\api\Api.csproj", "{212B4E77-E03B-48C9-8264-48AC0B6BFF86}"
EndProject
Project("{9A19103F-16F7-4668-BE54-9A1E7A4F7556}") = "Service", "src\service\Service.csproj", "{FAF71860-CD97-4707-97C6-EE126F5CB726}"
EndProject
Project("{9A19103F-16F7-4668-BE54-9A1E7A4F7556}") = "Contracts", "src\contracts\Contracts.csproj", "{DB6146AA-F84C-4575-B0F2-803754C3E4B6}"
EndProject
Project("{9A19103F-16F7-4668-BE54-9A1E7A4F7556}") = "Core", "src\Core\Core.csproj", "{2E9F6C73-6BE2-449A-8A87-06DA91F3D9FA}"
EndProject
Project("{2150E333-8FDC-42A3-9474-1A3956D46DE8}") = "tests", "tests", "{E0739E1A-9650-4630-B62B-1D73D2A0157F}"
EndProject
Project("{9A19103F-16F7-4668-BE54-9A1E7A4F7556}") = "Tests", "src\Tests\Tests.csproj", "{4438DE04-60BC-41AF-9763-598586E438A0}"
EndProject
Global
	GlobalSection(SolutionConfigurationPlatforms) = preSolution
		Debug|Any CPU = Debug|Any CPU
		Release|Any CPU = Release|Any CPU
	EndGlobalSection
	GlobalSection(ProjectConfigurationPlatforms) = postSolution
		{212B4E77-E03B-48C9-8264-48AC0B6BFF86}.Debug|Any CPU.ActiveCfg = Debug|Any CPU
		{212B4E77-E03B-48C9-8264-48AC0B6BFF86}.Debug|Any CPU.Build.0 = Debug|Any CPU
		{212B4E77-E03B-48C9-8264-48AC0B6BFF86}.Release|Any CPU.ActiveCfg = Release|Any CPU
		{212B4E77-E03B-48C9-8264-48AC0B6BFF86}.Release|Any CPU.Build.0 = Release|Any CPU
		{FAF71860-CD97-4707-97C6-EE126F5CB726}.Debug|Any CPU.ActiveCfg = Debug|Any CPU
		{FAF71860-CD97-4707-97C6-EE126F5CB726}.Debug|Any CPU.Build.0 = Debug|Any CPU
		{FAF71860-CD97-4707-97C6-EE126F5CB726}.Release|Any CPU.ActiveCfg = Release|Any CPU
		{FAF71860-CD97-4707-97C6-EE126F5CB726}.Release|Any CPU.Build.0 = Release|Any CPU
		{DB6146AA-F84C-4575-B0F2-803754C3E4B6}.Debug|Any CPU.ActiveCfg = Debug|Any CPU
		{DB6146AA-F84C-4575-B0F2-803754C3E4B6}.Debug|Any CPU.Build.0 = Debug|Any CPU
		{DB6146AA-F84C-4575-B0F2-803754C3E4B6}.Release|Any CPU.ActiveCfg = Release|Any CPU
		{DB6146AA-F84C-4575-B0F2-803754C3E4B6}.Release|Any CPU.Build.0 = Release|Any CPU
		{2E9F6C73-6BE2-449A-8A87-06DA91F3D9FA}.Debug|Any CPU.ActiveCfg = Debug|Any CPU
		{2E9F6C73-6BE2-449A-8A87-06DA91F3D9FA}.Debug|Any CPU.Build.0 = Debug|Any CPU
		{2E9F6C73-6BE2-449A-8A87-06DA91F3D9FA}.Release|Any CPU.ActiveCfg = Release|Any CPU
		{2E9F6C73-6BE2-449A-8A87-06DA91F3D9FA}.Release|Any CPU.Build.0 = Release|Any CPU
		{4438DE04-60BC-41AF-9763-598586E438A0}.Debug|Any CPU.ActiveCfg = Debug|Any CPU
		{4438DE04-60BC-41AF-9763-598586E438A0}.Debug|Any CPU.Build.0 = Debug|Any CPU
		{4438DE04-60BC-41AF-9763-598586E438A0}.Release|Any CPU.ActiveCfg = Release|Any CPU
		{4438DE04-60BC-41AF-9763-598586E438A0}.Release|Any CPU.Build.0 = Release|Any CPU
	EndGlobalSection
	GlobalSection(SolutionProperties) = preSolution
		HideSolutionNode = FALSE
	EndGlobalSection
	GlobalSection(NestedProjects) = preSolution
		{212B4E77-E03B-48C9-8264-48AC0B6BFF86} = {FE6A9B71-9A59-490D-87CB-ABC200FFB7E8}
		{FAF71860-CD97-4707-97C6-EE126F5CB726} = {FE6A9B71-9A59-490D-87CB-ABC200FFB7E8}
		{DB6146AA-F84C-4575-B0F2-803754C3E4B6} = {FE6A9B71-9A59-490D-87CB-ABC200FFB7E8}
		{2E9F6C73-6BE2-449A-8A87-06DA91F3D9FA} = {FE6A9B71-9A59-490D-87CB-ABC200FFB7E8}
		{4438DE04-60BC-41AF-9763-598586E438A0} = {E0739E1A-9650-4630-B62B-1D73D2A0157F}
	EndGlobalSection
EndGlobal
