
Microsoft Visual Studio Solution File, Format Version 12.00
# Visual Studio Version 17
VisualStudioVersion = 17.0.31903.59
MinimumVisualStudioVersion = 10.0.40219.1
Project("{2150E333-8FDC-42A3-9474-1A3956D46DE8}") = "src", "src", "{FE6A9B71-9A59-490D-87CB-ABC200FFB7E8}"
EndProject
Project("{FAE04EC0-301F-11D3-BF4B-00C04F79EFBC}") = "api", "src\api\api.csproj", "{212B4E77-E03B-48C9-8264-48AC0B6BFF86}"
EndProject
Project("{FAE04EC0-301F-11D3-BF4B-00C04F79EFBC}") = "service", "src\service\service.csproj", "{FAF71860-CD97-4707-97C6-EE126F5CB726}"
EndProject
Project("{FAE04EC0-301F-11D3-BF4B-00C04F79EFBC}") = "contracts", "src\contracts\contracts.csproj", "{DB6146AA-F84C-4575-B0F2-803754C3E4B6}"
EndProject
Global
	GlobalSection(SolutionConfigurationPlatforms) = preSolution
		Debug|Any CPU = Debug|Any CPU
		Release|Any CPU = Release|Any CPU
	EndGlobalSection
	GlobalSection(SolutionProperties) = preSolution
		HideSolutionNode = FALSE
	EndGlobalSection
	GlobalSection(ProjectConfigurationPlatforms) = postSolution
		{212B4E77-E03B-48C9-8264-48AC0B6BFF86}.Debug|Any CPU.ActiveCfg = Debug|Any CPU
		{212B4E77-E03B-48C9-8264-48AC0B6BFF86}.Debug|Any CPU.Build.0 = Debug|Any CPU
		{212B4E77-E03B-48C9-8264-48AC0B6BFF86}.Release|Any CPU.ActiveCfg = Release|Any CPU
		{212B4E77-E03B-48C9-8264-48AC0B6BFF86}.Release|Any CPU.Build.0 = Release|Any CPU
		{FAF71860-CD97-4707-97C6-EE126F5CB726}.Debug|Any CPU.ActiveCfg = Debug|Any CPU
		{FAF71860-CD97-4707-97C6-EE126F5CB726}.Debug|Any CPU.Build.0 = Debug|Any CPU
		{FAF71860-CD97-4707-97C6-EE126F5CB726}.Release|Any CPU.ActiveCfg = Release|Any CPU
		{FAF71860-CD97-4707-97C6-EE126F5CB726}.Release|Any CPU.Build.0 = Release|Any CPU
		{DB6146AA-F84C-4575-B0F2-803754C3E4B6}.Debug|Any CPU.ActiveCfg = Debug|Any CPU
		{DB6146AA-F84C-4575-B0F2-803754C3E4B6}.Debug|Any CPU.Build.0 = Debug|Any CPU
		{DB6146AA-F84C-4575-B0F2-803754C3E4B6}.Release|Any CPU.ActiveCfg = Release|Any CPU
		{DB6146AA-F84C-4575-B0F2-803754C3E4B6}.Release|Any CPU.Build.0 = Release|Any CPU
	EndGlobalSection
	GlobalSection(NestedProjects) = preSolution
		{212B4E77-E03B-48C9-8264-48AC0B6BFF86} = {FE6A9B71-9A59-490D-87CB-ABC200FFB7E8}
		{FAF71860-CD97-4707-97C6-EE126F5CB726} = {FE6A9B71-9A59-490D-87CB-ABC200FFB7E8}
		{DB6146AA-F84C-4575-B0F2-803754C3E4B6} = {FE6A9B71-9A59-490D-87CB-ABC200FFB7E8}
	EndGlobalSection
EndGlobal
